{
  "nodes": {
    "home-manager": {
      "inputs": {
        "nixpkgs": [
          "nixpkgs"
        ]
      },
      "locked": {
        "lastModified": 1709578243,
        "narHash": "sha256-hF96D+c2PBmAFhymMw3z8hou++lqKtZ7IzpFbYeL1/Y=",
        "owner": "nix-community",
        "repo": "home-manager",
        "rev": "23ff9821bcaec12981e32049e8687f25f11e5ef3",
        "type": "github"
      },
      "original": {
        "owner": "nix-community",
        "repo": "home-manager",
        "type": "github"
      }
    },
    "nixpkgs": {
      "locked": {
        "lastModified": 1709237383,
        "narHash": "sha256-cy6ArO4k5qTx+l5o+0mL9f5fa86tYUX3ozE1S+Txlds=",
        "owner": "NixOS",
        "repo": "nixpkgs",
        "rev": "1536926ef5621b09bba54035ae2bb6d806d72ac8",
        "type": "github"
      },
      "original": {
        "id": "nixpkgs",
        "ref": "nixos-unstable",
        "type": "indirect"
      }
    },
    "nurpkgs": {
      "locked": {
        "lastModified": 1709578742,
        "narHash": "sha256-t3E5kpNNeTYawBS3Y2IW0PSLX22GA3WW2yc8Q1W5qaw=",
        "owner": "nix-community",
        "repo": "NUR",
        "rev": "4f87bd82e6deac8fbb0388b9712846efa9b58fc9",
        "type": "github"
      },
      "original": {
        "owner": "nix-community",
        "repo": "NUR",
        "type": "github"
      }
    },
    "root": {
      "inputs": {
        "home-manager": "home-manager",
        "nixpkgs": "nixpkgs",
        "nurpkgs": "nurpkgs"
      }
    }
  },
  "root": "root",
  "version": 7
}
